
Microsoft Visual Studio Solution File, Format Version 12.00
# Visual Studio Version 17
VisualStudioVersion = 17.3.32929.385
MinimumVisualStudioVersion = 10.0.40219.1
Project("{9A19103F-16F7-4668-BE54-9A1E7A4F7556}") = "Targil0", "Targil0\Targil0.csproj", "{7210F378-34C6-4B9F-AC5F-4FE796FE5B4B}"
EndProject
Project("{2150E333-8FDC-42A3-9474-1A3956D46DE8}") = "Solution Items", "Solution Items", "{D41262B8-D3F3-4F10-8CFD-97612EF933C8}"
	ProjectSection(SolutionItems) = preProject
		..\README.md = ..\README.md
	EndProjectSection
EndProject
Project("{2150E333-8FDC-42A3-9474-1A3956D46DE8}") = "bin", "bin", "{D78BEFDD-90E8-4E04-9D81-EA4FB5D49F73}"
EndProject
Project("{9A19103F-16F7-4668-BE54-9A1E7A4F7556}") = "DalFacade", "DalFacade\DalFacade.csproj", "{51F1DE2F-38E5-4062-B2F1-0E80D67F55A5}"
EndProject
Project("{9A19103F-16F7-4668-BE54-9A1E7A4F7556}") = "DalList", "DalList\DalList.csproj", "{8B9EB0AD-B67C-4B77-92CE-6226B4AF3A03}"
EndProject
Project("{9A19103F-16F7-4668-BE54-9A1E7A4F7556}") = "DalTest", "DalTest\DalTest.csproj", "{B3D333C0-FA1E-427F-9610-5371B1E0A5CC}"
	ProjectSection(ProjectDependencies) = postProject
		{205E71C5-11F7-48AB-B93A-A246FA9E5682} = {205E71C5-11F7-48AB-B93A-A246FA9E5682}
	EndProjectSection
EndProject
Project("{9A19103F-16F7-4668-BE54-9A1E7A4F7556}") = "BL", "BL\BL.csproj", "{18AE6116-E888-474B-8994-5757D3D73F14}"
	ProjectSection(ProjectDependencies) = postProject
		{205E71C5-11F7-48AB-B93A-A246FA9E5682} = {205E71C5-11F7-48AB-B93A-A246FA9E5682}
		{51F1DE2F-38E5-4062-B2F1-0E80D67F55A5} = {51F1DE2F-38E5-4062-B2F1-0E80D67F55A5}
		{8B9EB0AD-B67C-4B77-92CE-6226B4AF3A03} = {8B9EB0AD-B67C-4B77-92CE-6226B4AF3A03}
	EndProjectSection
EndProject
Project("{9A19103F-16F7-4668-BE54-9A1E7A4F7556}") = "BlTest", "BlTest\BlTest.csproj", "{4E00CD4C-F757-46FF-AFFD-459AAF462970}"
	ProjectSection(ProjectDependencies) = postProject
		{18AE6116-E888-474B-8994-5757D3D73F14} = {18AE6116-E888-474B-8994-5757D3D73F14}
	EndProjectSection
EndProject
Project("{9A19103F-16F7-4668-BE54-9A1E7A4F7556}") = "PL", "PL\PL.csproj", "{3190E862-A122-4AD7-9FCB-33183329409F}"
EndProject
Project("{2150E333-8FDC-42A3-9474-1A3956D46DE8}") = "xml", "xml", "{C6898E1B-B82E-42D7-8AF5-535EE87BE7D1}"
	ProjectSection(SolutionItems) = preProject
		config.xml = config.xml
		xml\dal-config.xml = xml\dal-config.xml
		Order.xml = Order.xml
		OrderItem.xml = OrderItem.xml
		Product.xml = Product.xml
	EndProjectSection
EndProject
Project("{9A19103F-16F7-4668-BE54-9A1E7A4F7556}") = "DalXml", "DalXml\DalXml.csproj", "{205E71C5-11F7-48AB-B93A-A246FA9E5682}"
EndProject
Global
	GlobalSection(SolutionConfigurationPlatforms) = preSolution
		Debug|Any CPU = Debug|Any CPU
		Release|Any CPU = Release|Any CPU
	EndGlobalSection
	GlobalSection(ProjectConfigurationPlatforms) = postSolution
		{7210F378-34C6-4B9F-AC5F-4FE796FE5B4B}.Debug|Any CPU.ActiveCfg = Debug|Any CPU
		{7210F378-34C6-4B9F-AC5F-4FE796FE5B4B}.Debug|Any CPU.Build.0 = Debug|Any CPU
		{7210F378-34C6-4B9F-AC5F-4FE796FE5B4B}.Release|Any CPU.ActiveCfg = Release|Any CPU
		{7210F378-34C6-4B9F-AC5F-4FE796FE5B4B}.Release|Any CPU.Build.0 = Release|Any CPU
		{51F1DE2F-38E5-4062-B2F1-0E80D67F55A5}.Debug|Any CPU.ActiveCfg = Debug|Any CPU
		{51F1DE2F-38E5-4062-B2F1-0E80D67F55A5}.Debug|Any CPU.Build.0 = Debug|Any CPU
		{51F1DE2F-38E5-4062-B2F1-0E80D67F55A5}.Release|Any CPU.ActiveCfg = Release|Any CPU
		{51F1DE2F-38E5-4062-B2F1-0E80D67F55A5}.Release|Any CPU.Build.0 = Release|Any CPU
		{8B9EB0AD-B67C-4B77-92CE-6226B4AF3A03}.Debug|Any CPU.ActiveCfg = Debug|Any CPU
		{8B9EB0AD-B67C-4B77-92CE-6226B4AF3A03}.Debug|Any CPU.Build.0 = Debug|Any CPU
		{8B9EB0AD-B67C-4B77-92CE-6226B4AF3A03}.Release|Any CPU.ActiveCfg = Release|Any CPU
		{8B9EB0AD-B67C-4B77-92CE-6226B4AF3A03}.Release|Any CPU.Build.0 = Release|Any CPU
		{B3D333C0-FA1E-427F-9610-5371B1E0A5CC}.Debug|Any CPU.ActiveCfg = Debug|Any CPU
		{B3D333C0-FA1E-427F-9610-5371B1E0A5CC}.Debug|Any CPU.Build.0 = Debug|Any CPU
		{B3D333C0-FA1E-427F-9610-5371B1E0A5CC}.Release|Any CPU.ActiveCfg = Release|Any CPU
		{B3D333C0-FA1E-427F-9610-5371B1E0A5CC}.Release|Any CPU.Build.0 = Release|Any CPU
		{18AE6116-E888-474B-8994-5757D3D73F14}.Debug|Any CPU.ActiveCfg = Debug|Any CPU
		{18AE6116-E888-474B-8994-5757D3D73F14}.Debug|Any CPU.Build.0 = Debug|Any CPU
		{18AE6116-E888-474B-8994-5757D3D73F14}.Release|Any CPU.ActiveCfg = Release|Any CPU
		{18AE6116-E888-474B-8994-5757D3D73F14}.Release|Any CPU.Build.0 = Release|Any CPU
		{4E00CD4C-F757-46FF-AFFD-459AAF462970}.Debug|Any CPU.ActiveCfg = Debug|Any CPU
		{4E00CD4C-F757-46FF-AFFD-459AAF462970}.Debug|Any CPU.Build.0 = Debug|Any CPU
		{4E00CD4C-F757-46FF-AFFD-459AAF462970}.Release|Any CPU.ActiveCfg = Release|Any CPU
		{4E00CD4C-F757-46FF-AFFD-459AAF462970}.Release|Any CPU.Build.0 = Release|Any CPU
		{3190E862-A122-4AD7-9FCB-33183329409F}.Debug|Any CPU.ActiveCfg = Debug|Any CPU
		{3190E862-A122-4AD7-9FCB-33183329409F}.Debug|Any CPU.Build.0 = Debug|Any CPU
		{3190E862-A122-4AD7-9FCB-33183329409F}.Release|Any CPU.ActiveCfg = Release|Any CPU
		{3190E862-A122-4AD7-9FCB-33183329409F}.Release|Any CPU.Build.0 = Release|Any CPU
		{205E71C5-11F7-48AB-B93A-A246FA9E5682}.Debug|Any CPU.ActiveCfg = Debug|Any CPU
		{205E71C5-11F7-48AB-B93A-A246FA9E5682}.Debug|Any CPU.Build.0 = Debug|Any CPU
		{205E71C5-11F7-48AB-B93A-A246FA9E5682}.Release|Any CPU.ActiveCfg = Release|Any CPU
		{205E71C5-11F7-48AB-B93A-A246FA9E5682}.Release|Any CPU.Build.0 = Release|Any CPU
	EndGlobalSection
	GlobalSection(SolutionProperties) = preSolution
		HideSolutionNode = FALSE
	EndGlobalSection
	GlobalSection(NestedProjects) = preSolution
		{D78BEFDD-90E8-4E04-9D81-EA4FB5D49F73} = {D41262B8-D3F3-4F10-8CFD-97612EF933C8}
		{51F1DE2F-38E5-4062-B2F1-0E80D67F55A5} = {D41262B8-D3F3-4F10-8CFD-97612EF933C8}
		{8B9EB0AD-B67C-4B77-92CE-6226B4AF3A03} = {D41262B8-D3F3-4F10-8CFD-97612EF933C8}
		{B3D333C0-FA1E-427F-9610-5371B1E0A5CC} = {D41262B8-D3F3-4F10-8CFD-97612EF933C8}
		{18AE6116-E888-474B-8994-5757D3D73F14} = {D41262B8-D3F3-4F10-8CFD-97612EF933C8}
		{4E00CD4C-F757-46FF-AFFD-459AAF462970} = {D41262B8-D3F3-4F10-8CFD-97612EF933C8}
		{3190E862-A122-4AD7-9FCB-33183329409F} = {D41262B8-D3F3-4F10-8CFD-97612EF933C8}
		{205E71C5-11F7-48AB-B93A-A246FA9E5682} = {D41262B8-D3F3-4F10-8CFD-97612EF933C8}
	EndGlobalSection
	GlobalSection(ExtensibilityGlobals) = postSolution
		SolutionGuid = {5ABB7048-F671-41C8-9AC8-A5A4052FE16B}
	EndGlobalSection
EndGlobal
